// !$*UTF8*$!
{
	archiveVersion = 1;
	classes = {
	};
	objectVersion = 50;
	objects = {

/* Begin PBXBuildFile section */
		A5187A0B244FC9C700D6F5B4 /* AppDelegate.swift in Sources */ = {isa = PBXBuildFile; fileRef = A5187A0A244FC9C700D6F5B4 /* AppDelegate.swift */; };
		A5187A0D244FC9C700D6F5B4 /* ContentView.swift in Sources */ = {isa = PBXBuildFile; fileRef = A5187A0C244FC9C700D6F5B4 /* ContentView.swift */; };
		A5187A10244FC9C700D6F5B4 /* CoreData_MacOS.xcdatamodeld in Sources */ = {isa = PBXBuildFile; fileRef = A5187A0E244FC9C700D6F5B4 /* CoreData_MacOS.xcdatamodeld */; };
		A5187A12244FC9C800D6F5B4 /* Assets.xcassets in Resources */ = {isa = PBXBuildFile; fileRef = A5187A11244FC9C800D6F5B4 /* Assets.xcassets */; };
		A5187A15244FC9C800D6F5B4 /* Preview Assets.xcassets in Resources */ = {isa = PBXBuildFile; fileRef = A5187A14244FC9C800D6F5B4 /* Preview Assets.xcassets */; };
		A5187A18244FC9C800D6F5B4 /* Main.storyboard in Resources */ = {isa = PBXBuildFile; fileRef = A5187A16244FC9C800D6F5B4 /* Main.storyboard */; };
		A5187A21244FC9ED00D6F5B4 /* DataModel.swift in Sources */ = {isa = PBXBuildFile; fileRef = A5187A20244FC9ED00D6F5B4 /* DataModel.swift */; };
		A5187A24244FCAC200D6F5B4 /* Student+CoreDataClass.swift in Sources */ = {isa = PBXBuildFile; fileRef = A5187A22244FCAC200D6F5B4 /* Student+CoreDataClass.swift */; };
		A5187A25244FCAC200D6F5B4 /* Student+CoreDataProperties.swift in Sources */ = {isa = PBXBuildFile; fileRef = A5187A23244FCAC200D6F5B4 /* Student+CoreDataProperties.swift */; };
		A5187A27244FCD7000D6F5B4 /* README.md in Resources */ = {isa = PBXBuildFile; fileRef = A5187A26244FCD7000D6F5B4 /* README.md */; };
/* End PBXBuildFile section */

/* Begin PBXFileReference section */
		A5187A07244FC9C700D6F5B4 /* CoreData-MacOS.app */ = {isa = PBXFileReference; explicitFileType = wrapper.application; includeInIndex = 0; path = "CoreData-MacOS.app"; sourceTree = BUILT_PRODUCTS_DIR; };
		A5187A0A244FC9C700D6F5B4 /* AppDelegate.swift */ = {isa = PBXFileReference; lastKnownFileType = sourcecode.swift; path = AppDelegate.swift; sourceTree = "<group>"; };
		A5187A0C244FC9C700D6F5B4 /* ContentView.swift */ = {isa = PBXFileReference; lastKnownFileType = sourcecode.swift; path = ContentView.swift; sourceTree = "<group>"; };
		A5187A0F244FC9C700D6F5B4 /* CoreData_MacOS.xcdatamodel */ = {isa = PBXFileReference; lastKnownFileType = wrapper.xcdatamodel; path = CoreData_MacOS.xcdatamodel; sourceTree = "<group>"; };
		A5187A11244FC9C800D6F5B4 /* Assets.xcassets */ = {isa = PBXFileReference; lastKnownFileType = folder.assetcatalog; path = Assets.xcassets; sourceTree = "<group>"; };
		A5187A14244FC9C800D6F5B4 /* Preview Assets.xcassets */ = {isa = PBXFileReference; lastKnownFileType = folder.assetcatalog; path = "Preview Assets.xcassets"; sourceTree = "<group>"; };
		A5187A17244FC9C800D6F5B4 /* Base */ = {isa = PBXFileReference; lastKnownFileType = file.storyboard; name = Base; path = Base.lproj/Main.storyboard; sourceTree = "<group>"; };
		A5187A19244FC9C800D6F5B4 /* Info.plist */ = {isa = PBXFileReference; lastKnownFileType = text.plist.xml; path = Info.plist; sourceTree = "<group>"; };
		A5187A1A244FC9C800D6F5B4 /* CoreData_MacOS.entitlements */ = {isa = PBXFileReference; lastKnownFileType = text.plist.entitlements; path = CoreData_MacOS.entitlements; sourceTree = "<group>"; };
		A5187A20244FC9ED00D6F5B4 /* DataModel.swift */ = {isa = PBXFileReference; lastKnownFileType = sourcecode.swift; path = DataModel.swift; sourceTree = "<group>"; };
		A5187A22244FCAC200D6F5B4 /* Student+CoreDataClass.swift */ = {isa = PBXFileReference; lastKnownFileType = sourcecode.swift; path = "Student+CoreDataClass.swift"; sourceTree = "<group>"; };
		A5187A23244FCAC200D6F5B4 /* Student+CoreDataProperties.swift */ = {isa = PBXFileReference; lastKnownFileType = sourcecode.swift; path = "Student+CoreDataProperties.swift"; sourceTree = "<group>"; };
		A5187A26244FCD7000D6F5B4 /* README.md */ = {isa = PBXFileReference; lastKnownFileType = net.daringfireball.markdown; path = README.md; sourceTree = "<group>"; };
/* End PBXFileReference section */

/* Begin PBXFrameworksBuildPhase section */
		A5187A04244FC9C700D6F5B4 /* Frameworks */ = {
			isa = PBXFrameworksBuildPhase;
			buildActionMask = 2147483647;
			files = (
			);
			runOnlyForDeploymentPostprocessing = 0;
		};
/* End PBXFrameworksBuildPhase section */

/* Begin PBXGroup section */
		A51879FE244FC9C700D6F5B4 = {
			isa = PBXGroup;
			children = (
				A5187A26244FCD7000D6F5B4 /* README.md */,
				A5187A22244FCAC200D6F5B4 /* Student+CoreDataClass.swift */,
				A5187A23244FCAC200D6F5B4 /* Student+CoreDataProperties.swift */,
				A5187A09244FC9C700D6F5B4 /* CoreData-MacOS */,
				A5187A08244FC9C700D6F5B4 /* Products */,
			);
			sourceTree = "<group>";
		};
		A5187A08244FC9C700D6F5B4 /* Products */ = {
			isa = PBXGroup;
			children = (
				A5187A07244FC9C700D6F5B4 /* CoreData-MacOS.app */,
			);
			name = Products;
			sourceTree = "<group>";
		};
		A5187A09244FC9C700D6F5B4 /* CoreData-MacOS */ = {
			isa = PBXGroup;
			children = (
				A5187A0A244FC9C700D6F5B4 /* AppDelegate.swift */,
				A5187A0C244FC9C700D6F5B4 /* ContentView.swift */,
				A5187A11244FC9C800D6F5B4 /* Assets.xcassets */,
				A5187A16244FC9C800D6F5B4 /* Main.storyboard */,
				A5187A20244FC9ED00D6F5B4 /* DataModel.swift */,
				A5187A19244FC9C800D6F5B4 /* Info.plist */,
				A5187A1A244FC9C800D6F5B4 /* CoreData_MacOS.entitlements */,
				A5187A0E244FC9C700D6F5B4 /* CoreData_MacOS.xcdatamodeld */,
				A5187A13244FC9C800D6F5B4 /* Preview Content */,
			);
			path = "CoreData-MacOS";
			sourceTree = "<group>";
		};
		A5187A13244FC9C800D6F5B4 /* Preview Content */ = {
			isa = PBXGroup;
			children = (
				A5187A14244FC9C800D6F5B4 /* Preview Assets.xcassets */,
			);
			path = "Preview Content";
			sourceTree = "<group>";
		};
/* End PBXGroup section */

/* Begin PBXNativeTarget section */
		A5187A06244FC9C700D6F5B4 /* CoreData-MacOS */ = {
			isa = PBXNativeTarget;
			buildConfigurationList = A5187A1D244FC9C800D6F5B4 /* Build configuration list for PBXNativeTarget "CoreData-MacOS" */;
			buildPhases = (
				A5187A03244FC9C700D6F5B4 /* Sources */,
				A5187A04244FC9C700D6F5B4 /* Frameworks */,
				A5187A05244FC9C700D6F5B4 /* Resources */,
			);
			buildRules = (
			);
			dependencies = (
			);
			name = "CoreData-MacOS";
			productName = "CoreData-MacOS";
			productReference = A5187A07244FC9C700D6F5B4 /* CoreData-MacOS.app */;
			productType = "com.apple.product-type.application";
		};
/* End PBXNativeTarget section */

/* Begin PBXProject section */
		A51879FF244FC9C700D6F5B4 /* Project object */ = {
			isa = PBXProject;
			attributes = {
				LastSwiftUpdateCheck = 1140;
				LastUpgradeCheck = 1140;
				ORGANIZATIONNAME = Nikz.in;
				TargetAttributes = {
					A5187A06244FC9C700D6F5B4 = {
						CreatedOnToolsVersion = 11.4;
					};
				};
			};
			buildConfigurationList = A5187A02244FC9C700D6F5B4 /* Build configuration list for PBXProject "CoreData-MacOS" */;
			compatibilityVersion = "Xcode 9.3";
			developmentRegion = en;
			hasScannedForEncodings = 0;
			knownRegions = (
				en,
				Base,
			);
			mainGroup = A51879FE244FC9C700D6F5B4;
			productRefGroup = A5187A08244FC9C700D6F5B4 /* Products */;
			projectDirPath = "";
			projectRoot = "";
			targets = (
				A5187A06244FC9C700D6F5B4 /* CoreData-MacOS */,
			);
		};
/* End PBXProject section */

/* Begin PBXResourcesBuildPhase section */
		A5187A05244FC9C700D6F5B4 /* Resources */ = {
			isa = PBXResourcesBuildPhase;
			buildActionMask = 2147483647;
			files = (
				A5187A18244FC9C800D6F5B4 /* Main.storyboard in Resources */,
				A5187A15244FC9C800D6F5B4 /* Preview Assets.xcassets in Resources */,
				A5187A27244FCD7000D6F5B4 /* README.md in Resources */,
				A5187A12244FC9C800D6F5B4 /* Assets.xcassets in Resources */,
			);
			runOnlyForDeploymentPostprocessing = 0;
		};
/* End PBXResourcesBuildPhase section */

/* Begin PBXSourcesBuildPhase section */
		A5187A03244FC9C700D6F5B4 /* Sources */ = {
			isa = PBXSourcesBuildPhase;
			buildActionMask = 2147483647;
			files = (
				A5187A25244FCAC200D6F5B4 /* Student+CoreDataProperties.swift in Sources */,
				A5187A10244FC9C700D6F5B4 /* CoreData_MacOS.xcdatamodeld in Sources */,
				A5187A21244FC9ED00D6F5B4 /* DataModel.swift in Sources */,
				A5187A0D244FC9C700D6F5B4 /* ContentView.swift in Sources */,
				A5187A0B244FC9C700D6F5B4 /* AppDelegate.swift in Sources */,
				A5187A24244FCAC200D6F5B4 /* Student+CoreDataClass.swift in Sources */,
			);
			runOnlyForDeploymentPostprocessing = 0;
		};
/* End PBXSourcesBuildPhase section */

/* Begin PBXVariantGroup section */
		A5187A16244FC9C800D6F5B4 /* Main.storyboard */ = {
			isa = PBXVariantGroup;
			children = (
				A5187A17244FC9C800D6F5B4 /* Base */,
			);
			name = Main.storyboard;
			sourceTree = "<group>";
		};
/* End PBXVariantGroup section */

/* Begin XCBuildConfiguration section */
		A5187A1B244FC9C800D6F5B4 /* Debug */ = {
			isa = XCBuildConfiguration;
			buildSettings = {
				ALWAYS_SEARCH_USER_PATHS = NO;
				CLANG_ANALYZER_NONNULL = YES;
				CLANG_ANALYZER_NUMBER_OBJECT_CONVERSION = YES_AGGRESSIVE;
				CLANG_CXX_LANGUAGE_STANDARD = "gnu++14";
				CLANG_CXX_LIBRARY = "libc++";
				CLANG_ENABLE_MODULES = YES;
				CLANG_ENABLE_OBJC_ARC = YES;
				CLANG_ENABLE_OBJC_WEAK = YES;
				CLANG_WARN_BLOCK_CAPTURE_AUTORELEASING = YES;
				CLANG_WARN_BOOL_CONVERSION = YES;
				CLANG_WARN_COMMA = YES;
				CLANG_WARN_CONSTANT_CONVERSION = YES;
				CLANG_WARN_DEPRECATED_OBJC_IMPLEMENTATIONS = YES;
				CLANG_WARN_DIRECT_OBJC_ISA_USAGE = YES_ERROR;
				CLANG_WARN_DOCUMENTATION_COMMENTS = YES;
				CLANG_WARN_EMPTY_BODY = YES;
				CLANG_WARN_ENUM_CONVERSION = YES;
				CLANG_WARN_INFINITE_RECURSION = YES;
				CLANG_WARN_INT_CONVERSION = YES;
				CLANG_WARN_NON_LITERAL_NULL_CONVERSION = YES;
				CLANG_WARN_OBJC_IMPLICIT_RETAIN_SELF = YES;
				CLANG_WARN_OBJC_LITERAL_CONVERSION = YES;
				CLANG_WARN_OBJC_ROOT_CLASS = YES_ERROR;
				CLANG_WARN_RANGE_LOOP_ANALYSIS = YES;
				CLANG_WARN_STRICT_PROTOTYPES = YES;
				CLANG_WARN_SUSPICIOUS_MOVE = YES;
				CLANG_WARN_UNGUARDED_AVAILABILITY = YES_AGGRESSIVE;
				CLANG_WARN_UNREACHABLE_CODE = YES;
				CLANG_WARN__DUPLICATE_METHOD_MATCH = YES;
				COPY_PHASE_STRIP = NO;
				DEBUG_INFORMATION_FORMAT = dwarf;
				ENABLE_STRICT_OBJC_MSGSEND = YES;
				ENABLE_TESTABILITY = YES;
				GCC_C_LANGUAGE_STANDARD = gnu11;
				GCC_DYNAMIC_NO_PIC = NO;
				GCC_NO_COMMON_BLOCKS = YES;
				GCC_OPTIMIZATION_LEVEL = 0;
				GCC_PREPROCESSOR_DEFINITIONS = (
					"DEBUG=1",
					"$(inherited)",
				);
				GCC_WARN_64_TO_32_BIT_CONVERSION = YES;
				GCC_WARN_ABOUT_RETURN_TYPE = YES_ERROR;
				GCC_WARN_UNDECLARED_SELECTOR = YES;
				GCC_WARN_UNINITIALIZED_AUTOS = YES_AGGRESSIVE;
				GCC_WARN_UNUSED_FUNCTION = YES;
				GCC_WARN_UNUSED_VARIABLE = YES;
				MACOSX_DEPLOYMENT_TARGET = 10.15;
				MTL_ENABLE_DEBUG_INFO = INCLUDE_SOURCE;
				MTL_FAST_MATH = YES;
				ONLY_ACTIVE_ARCH = YES;
				SDKROOT = macosx;
				SWIFT_ACTIVE_COMPILATION_CONDITIONS = DEBUG;
				SWIFT_OPTIMIZATION_LEVEL = "-Onone";
			};
			name = Debug;
		};
		A5187A1C244FC9C800D6F5B4 /* Release */ = {
			isa = XCBuildConfiguration;
			buildSettings = {
				ALWAYS_SEARCH_USER_PATHS = NO;
				CLANG_ANALYZER_NONNULL = YES;
				CLANG_ANALYZER_NUMBER_OBJECT_CONVERSION = YES_AGGRESSIVE;
				CLANG_CXX_LANGUAGE_STANDARD = "gnu++14";
				CLANG_CXX_LIBRARY = "libc++";
				CLANG_ENABLE_MODULES = YES;
				CLANG_ENABLE_OBJC_ARC = YES;
				CLANG_ENABLE_OBJC_WEAK = YES;
				CLANG_WARN_BLOCK_CAPTURE_AUTORELEASING = YES;
				CLANG_WARN_BOOL_CONVERSION = YES;
				CLANG_WARN_COMMA = YES;
				CLANG_WARN_CONSTANT_CONVERSION = YES;
				CLANG_WARN_DEPRECATED_OBJC_IMPLEMENTATIONS = YES;
				CLANG_WARN_DIRECT_OBJC_ISA_USAGE = YES_ERROR;
				CLANG_WARN_DOCUMENTATION_COMMENTS = YES;
				CLANG_WARN_EMPTY_BODY = YES;
				CLANG_WARN_ENUM_CONVERSION = YES;
				CLANG_WARN_INFINITE_RECURSION = YES;
				CLANG_WARN_INT_CONVERSION = YES;
				CLANG_WARN_NON_LITERAL_NULL_CONVERSION = YES;
				CLANG_WARN_OBJC_IMPLICIT_RETAIN_SELF = YES;
				CLANG_WARN_OBJC_LITERAL_CONVERSION = YES;
				CLANG_WARN_OBJC_ROOT_CLASS = YES_ERROR;
				CLANG_WARN_RANGE_LOOP_ANALYSIS = YES;
				CLANG_WARN_STRICT_PROTOTYPES = YES;
				CLANG_WARN_SUSPICIOUS_MOVE = YES;
				CLANG_WARN_UNGUARDED_AVAILABILITY = YES_AGGRESSIVE;
				CLANG_WARN_UNREACHABLE_CODE = YES;
				CLANG_WARN__DUPLICATE_METHOD_MATCH = YES;
				COPY_PHASE_STRIP = NO;
				DEBUG_INFORMATION_FORMAT = "dwarf-with-dsym";
				ENABLE_NS_ASSERTIONS = NO;
				ENABLE_STRICT_OBJC_MSGSEND = YES;
				GCC_C_LANGUAGE_STANDARD = gnu11;
				GCC_NO_COMMON_BLOCKS = YES;
				GCC_WARN_64_TO_32_BIT_CONVERSION = YES;
				GCC_WARN_ABOUT_RETURN_TYPE = YES_ERROR;
				GCC_WARN_UNDECLARED_SELECTOR = YES;
				GCC_WARN_UNINITIALIZED_AUTOS = YES_AGGRESSIVE;
				GCC_WARN_UNUSED_FUNCTION = YES;
				GCC_WARN_UNUSED_VARIABLE = YES;
				MACOSX_DEPLOYMENT_TARGET = 10.15;
				MTL_ENABLE_DEBUG_INFO = NO;
				MTL_FAST_MATH = YES;
				SDKROOT = macosx;
				SWIFT_COMPILATION_MODE = wholemodule;
				SWIFT_OPTIMIZATION_LEVEL = "-O";
			};
			name = Release;
		};
		A5187A1E244FC9C800D6F5B4 /* Debug */ = {
			isa = XCBuildConfiguration;
			buildSettings = {
				ASSETCATALOG_COMPILER_APPICON_NAME = AppIcon;
				CODE_SIGN_ENTITLEMENTS = "CoreData-MacOS/CoreData_MacOS.entitlements";
				CODE_SIGN_STYLE = Automatic;
				COMBINE_HIDPI_IMAGES = YES;
				DEVELOPMENT_ASSET_PATHS = "\"CoreData-MacOS/Preview Content\"";
				DEVELOPMENT_TEAM = 67JTT5C3WS;
				ENABLE_HARDENED_RUNTIME = YES;
				ENABLE_PREVIEWS = YES;
				INFOPLIST_FILE = "CoreData-MacOS/Info.plist";
				LD_RUNPATH_SEARCH_PATHS = (
					"$(inherited)",
					"@executable_path/../Frameworks",
				);
				MACOSX_DEPLOYMENT_TARGET = 10.15;
				PRODUCT_BUNDLE_IDENTIFIER = "in.nikz.CoreData-MacOS";
				PRODUCT_NAME = "$(TARGET_NAME)";
				SWIFT_VERSION = 5.0;
			};
			name = Debug;
		};
		A5187A1F244FC9C800D6F5B4 /* Release */ = {
			isa = XCBuildConfiguration;
			buildSettings = {
				ASSETCATALOG_COMPILER_APPICON_NAME = AppIcon;
				CODE_SIGN_ENTITLEMENTS = "CoreData-MacOS/CoreData_MacOS.entitlements";
				CODE_SIGN_STYLE = Automatic;
				COMBINE_HIDPI_IMAGES = YES;
				DEVELOPMENT_ASSET_PATHS = "\"CoreData-MacOS/Preview Content\"";
				DEVELOPMENT_TEAM = 67JTT5C3WS;
				ENABLE_HARDENED_RUNTIME = YES;
				ENABLE_PREVIEWS = YES;
				INFOPLIST_FILE = "CoreData-MacOS/Info.plist";
				LD_RUNPATH_SEARCH_PATHS = (
					"$(inherited)",
					"@executable_path/../Frameworks",
				);
				MACOSX_DEPLOYMENT_TARGET = 10.15;
				PRODUCT_BUNDLE_IDENTIFIER = "in.nikz.CoreData-MacOS";
				PRODUCT_NAME = "$(TARGET_NAME)";
				SWIFT_VERSION = 5.0;
			};
			name = Release;
		};
/* End XCBuildConfiguration section */

/* Begin XCConfigurationList section */
		A5187A02244FC9C700D6F5B4 /* Build configuration list for PBXProject "CoreData-MacOS" */ = {
			isa = XCConfigurationList;
			buildConfigurations = (
				A5187A1B244FC9C800D6F5B4 /* Debug */,
				A5187A1C244FC9C800D6F5B4 /* Release */,
			);
			defaultConfigurationIsVisible = 0;
			defaultConfigurationName = Release;
		};
		A5187A1D244FC9C800D6F5B4 /* Build configuration list for PBXNativeTarget "CoreData-MacOS" */ = {
			isa = XCConfigurationList;
			buildConfigurations = (
				A5187A1E244FC9C800D6F5B4 /* Debug */,
				A5187A1F244FC9C800D6F5B4 /* Release */,
			);
			defaultConfigurationIsVisible = 0;
			defaultConfigurationName = Release;
		};
/* End XCConfigurationList section */

/* Begin XCVersionGroup section */
		A5187A0E244FC9C700D6F5B4 /* CoreData_MacOS.xcdatamodeld */ = {
			isa = XCVersionGroup;
			children = (
				A5187A0F244FC9C700D6F5B4 /* CoreData_MacOS.xcdatamodel */,
			);
			currentVersion = A5187A0F244FC9C700D6F5B4 /* CoreData_MacOS.xcdatamodel */;
			path = CoreData_MacOS.xcdatamodeld;
			sourceTree = "<group>";
			versionGroupType = wrapper.xcdatamodel;
		};
/* End XCVersionGroup section */
	};
	rootObject = A51879FF244FC9C700D6F5B4 /* Project object */;
}
